# This file is automatically @generated by Cargo.
# It is not intended for manual editing.
version = 4

[[package]]
name = "podspine"
version = "0.1.0"

[[package]]
name = "podspine-config"
version = "0.1.0"

[[package]]
name = "podspine-feed"
version = "0.1.0"

[[package]]
name = "podspine-http"
version = "0.1.0"

[[package]]
name = "podspine-index"
version = "0.1.0"

[[package]]
name = "podspine-prober"
version = "0.1.0"

[[package]]
name = "podspine-scanner"
version = "0.1.0"

[[package]]
name = "podspine-splitter"
version = "0.1.0"

[[package]]
name = "podspine-ui"
version = "0.1.0"
